<?xml version="1.0" encoding="utf-8"?>
<Project ToolsVersion="15.0" xmlns="http://schemas.microsoft.com/developer/msbuild/2003">
  <ItemGroup>
    <Filter Include="Resource Files">
      <UniqueIdentifier>{67DA6AB6-F800-4c08-8B7A-83BB121AAD01}</UniqueIdentifier>
      <Extensions>rc;ico;cur;bmp;dlg;rc2;rct;bin;rgs;gif;jpg;jpeg;jpe;resx;tga;tiff;tif;png;wav;mfcribbon-ms</Extensions>
    </Filter>
  </ItemGroup>
  <ItemGroup>
    <ClCompile Include="aGPIB.cpp" />
    <ClCompile Include="aGPIBChan.cpp" />
    <ClCompile Include="aGPIBCmds.cpp" />
    <ClCompile Include="aGPIBStubInit.c" />
  </ItemGroup>
  <ItemGroup>
    <ClInclude Include="aGPIB.h" />
    <ClInclude Include="aGPIBDecls.h" />
    <ClInclude Include="aGPIBIntDecls.h" />
    <ClInclude Include="TclHash.hpp" />
    <ClInclude Include="aGPIBInt.hpp" />
  </ItemGroup>
  <ItemGroup>
    <None Include="aGPIB.decls" />
    <None Include="agpib_dm5010_test.tcl" />
    <None Include="goal.tcl" />
    <None Include="Makefile" />
    <None Include="test.tcl" />
  </ItemGroup>
  <ItemGroup>
    <Image Include="dm5010.png">
      <Filter>Resource Files</Filter>
    </Image>
  </ItemGroup>
  <ItemGroup>
    <Text Include="dm5010.txt" />
  </ItemGroup>
</Project>